
Microsoft Visual Studio Solution File, Format Version 12.00
# Visual Studio Version 16
VisualStudioVersion = 16.0.31129.286
MinimumVisualStudioVersion = 10.0.40219.1
Project("{9A19103F-16F7-4668-BE54-9A1E7A4F7556}") = "UsersService", "UsersService\UsersService.csproj", "{F9A84626-EB8F-41A9-AB4C-5260EC6410C8}"
EndProject
Project("{9A19103F-16F7-4668-BE54-9A1E7A4F7556}") = "ForumsService", "ForumsService\ForumsService.csproj", "{CFB03FEB-86F0-42CA-88FD-AB92437F9190}"
EndProject
Project("{E53339B2-1760-4266-BCC7-CA923CBCF16C}") = "docker-compose", "docker-compose.dcproj", "{AA4EAB1E-E47B-4AFC-9503-4A0721F6B862}"
EndProject
Project("{9A19103F-16F7-4668-BE54-9A1E7A4F7556}") = "MongoDBAccess", "MongoDBAccess\MongoDBAccess.csproj", "{B83BFD70-B180-4BBE-9402-58434449E38A}"
EndProject
Project("{9A19103F-16F7-4668-BE54-9A1E7A4F7556}") = "ConfigPolicy", "ConfigPolicy\ConfigPolicy.csproj", "{B3A4E3C1-0960-4E69-9407-3AC78E1C1286}"
EndProject
Project("{2150E333-8FDC-42A3-9474-1A3956D46DE8}") = "Libraries", "Libraries", "{17FDFDBE-C362-4B9D-8D0E-88BB0717261B}"
EndProject
Project("{FAE04EC0-301F-11D3-BF4B-00C04F79EFBC}") = "IpConfig", "IpConfig\IpConfig.csproj", "{4841D96E-CDD1-4CB9-9C51-C151C87FEFBB}"
EndProject
Project("{FAE04EC0-301F-11D3-BF4B-00C04F79EFBC}") = "Authentification", "Authentification\Authentification.csproj", "{98536407-492A-4BB7-86A4-E7D3A4D2AFA4}"
EndProject
Global
	GlobalSection(SolutionConfigurationPlatforms) = preSolution
		Debug|Any CPU = Debug|Any CPU
		Release|Any CPU = Release|Any CPU
	EndGlobalSection
	GlobalSection(ProjectConfigurationPlatforms) = postSolution
		{F9A84626-EB8F-41A9-AB4C-5260EC6410C8}.Debug|Any CPU.ActiveCfg = Debug|Any CPU
		{F9A84626-EB8F-41A9-AB4C-5260EC6410C8}.Debug|Any CPU.Build.0 = Debug|Any CPU
		{F9A84626-EB8F-41A9-AB4C-5260EC6410C8}.Release|Any CPU.ActiveCfg = Release|Any CPU
		{F9A84626-EB8F-41A9-AB4C-5260EC6410C8}.Release|Any CPU.Build.0 = Release|Any CPU
		{CFB03FEB-86F0-42CA-88FD-AB92437F9190}.Debug|Any CPU.ActiveCfg = Debug|Any CPU
		{CFB03FEB-86F0-42CA-88FD-AB92437F9190}.Debug|Any CPU.Build.0 = Debug|Any CPU
		{CFB03FEB-86F0-42CA-88FD-AB92437F9190}.Release|Any CPU.ActiveCfg = Release|Any CPU
		{CFB03FEB-86F0-42CA-88FD-AB92437F9190}.Release|Any CPU.Build.0 = Release|Any CPU
		{AA4EAB1E-E47B-4AFC-9503-4A0721F6B862}.Debug|Any CPU.ActiveCfg = Debug|Any CPU
		{AA4EAB1E-E47B-4AFC-9503-4A0721F6B862}.Debug|Any CPU.Build.0 = Debug|Any CPU
		{AA4EAB1E-E47B-4AFC-9503-4A0721F6B862}.Release|Any CPU.ActiveCfg = Release|Any CPU
		{AA4EAB1E-E47B-4AFC-9503-4A0721F6B862}.Release|Any CPU.Build.0 = Release|Any CPU
		{B83BFD70-B180-4BBE-9402-58434449E38A}.Debug|Any CPU.ActiveCfg = Debug|Any CPU
		{B83BFD70-B180-4BBE-9402-58434449E38A}.Debug|Any CPU.Build.0 = Debug|Any CPU
		{B83BFD70-B180-4BBE-9402-58434449E38A}.Release|Any CPU.ActiveCfg = Release|Any CPU
		{B83BFD70-B180-4BBE-9402-58434449E38A}.Release|Any CPU.Build.0 = Release|Any CPU
		{B3A4E3C1-0960-4E69-9407-3AC78E1C1286}.Debug|Any CPU.ActiveCfg = Debug|Any CPU
		{B3A4E3C1-0960-4E69-9407-3AC78E1C1286}.Debug|Any CPU.Build.0 = Debug|Any CPU
		{B3A4E3C1-0960-4E69-9407-3AC78E1C1286}.Release|Any CPU.ActiveCfg = Release|Any CPU
		{B3A4E3C1-0960-4E69-9407-3AC78E1C1286}.Release|Any CPU.Build.0 = Release|Any CPU
		{4841D96E-CDD1-4CB9-9C51-C151C87FEFBB}.Debug|Any CPU.ActiveCfg = Debug|Any CPU
		{4841D96E-CDD1-4CB9-9C51-C151C87FEFBB}.Debug|Any CPU.Build.0 = Debug|Any CPU
		{4841D96E-CDD1-4CB9-9C51-C151C87FEFBB}.Release|Any CPU.ActiveCfg = Release|Any CPU
		{4841D96E-CDD1-4CB9-9C51-C151C87FEFBB}.Release|Any CPU.Build.0 = Release|Any CPU
		{98536407-492A-4BB7-86A4-E7D3A4D2AFA4}.Debug|Any CPU.ActiveCfg = Debug|Any CPU
		{98536407-492A-4BB7-86A4-E7D3A4D2AFA4}.Debug|Any CPU.Build.0 = Debug|Any CPU
		{98536407-492A-4BB7-86A4-E7D3A4D2AFA4}.Release|Any CPU.ActiveCfg = Release|Any CPU
		{98536407-492A-4BB7-86A4-E7D3A4D2AFA4}.Release|Any CPU.Build.0 = Release|Any CPU
	EndGlobalSection
	GlobalSection(SolutionProperties) = preSolution
		HideSolutionNode = FALSE
	EndGlobalSection
	GlobalSection(NestedProjects) = preSolution
		{B83BFD70-B180-4BBE-9402-58434449E38A} = {17FDFDBE-C362-4B9D-8D0E-88BB0717261B}
		{B3A4E3C1-0960-4E69-9407-3AC78E1C1286} = {17FDFDBE-C362-4B9D-8D0E-88BB0717261B}
		{4841D96E-CDD1-4CB9-9C51-C151C87FEFBB} = {17FDFDBE-C362-4B9D-8D0E-88BB0717261B}
		{98536407-492A-4BB7-86A4-E7D3A4D2AFA4} = {17FDFDBE-C362-4B9D-8D0E-88BB0717261B}
	EndGlobalSection
	GlobalSection(ExtensibilityGlobals) = postSolution
		SolutionGuid = {13B7725B-B494-4043-AAE5-4DC5B2A4146A}
	EndGlobalSection
EndGlobal
